// !$*UTF8*$!
{
	archiveVersion = 1;
	classes = {
	};
	objectVersion = 55;
	objects = {

/* Begin PBXBuildFile section */
		9F7BC21727507B9200B69744 /* TCAMain.swift in Sources */ = {isa = PBXBuildFile; fileRef = 9F7BC21627507B9200B69744 /* TCAMain.swift */; };
		9F7BC21A275087EB00B69744 /* DeepLinkReducer.swift in Sources */ = {isa = PBXBuildFile; fileRef = 9F7BC219275087EB00B69744 /* DeepLinkReducer.swift */; };
		9FE452922747823D00E73F0A /* AppDelegate.swift in Sources */ = {isa = PBXBuildFile; fileRef = 9FE452912747823D00E73F0A /* AppDelegate.swift */; };
		9FE452942747823E00E73F0A /* ContentView.swift in Sources */ = {isa = PBXBuildFile; fileRef = 9FE452932747823E00E73F0A /* ContentView.swift */; };
		9FE452962747823F00E73F0A /* Assets.xcassets in Resources */ = {isa = PBXBuildFile; fileRef = 9FE452952747823F00E73F0A /* Assets.xcassets */; };
		9FE452992747823F00E73F0A /* Preview Assets.xcassets in Resources */ = {isa = PBXBuildFile; fileRef = 9FE452982747823F00E73F0A /* Preview Assets.xcassets */; };
		9FE452A92747837100E73F0A /* ComposableArchitecture in Frameworks */ = {isa = PBXBuildFile; productRef = 9FE452A82747837100E73F0A /* ComposableArchitecture */; };
		9FE452AC2747866400E73F0A /* RootView.swift in Sources */ = {isa = PBXBuildFile; fileRef = 9FE452AB2747866400E73F0A /* RootView.swift */; };
		9FE452B327479A4200E73F0A /* SwiftUIRouter in Frameworks */ = {isa = PBXBuildFile; productRef = 9FE452B227479A4200E73F0A /* SwiftUIRouter */; };
		9FE452B52748B01700E73F0A /* NavigationTransition.swift in Sources */ = {isa = PBXBuildFile; fileRef = 9FE452B42748B01700E73F0A /* NavigationTransition.swift */; };
		9FE452B727490BF600E73F0A /* StickyHeaderScrollView.swift in Sources */ = {isa = PBXBuildFile; fileRef = 9FE452B627490BF600E73F0A /* StickyHeaderScrollView.swift */; };
		9FE452BC274A2C0D00E73F0A /* Apple.swift in Sources */ = {isa = PBXBuildFile; fileRef = 9FE452B9274A232A00E73F0A /* Apple.swift */; };
		9FE452BD274A2C0D00E73F0A /* Airbnb.swift in Sources */ = {isa = PBXBuildFile; fileRef = 9FE452BB274A232A00E73F0A /* Airbnb.swift */; };
		9FE452BE274A2C0D00E73F0A /* Babel.swift in Sources */ = {isa = PBXBuildFile; fileRef = 9FE452BA274A232A00E73F0A /* Babel.swift */; };
		9FE452C0274A859F00E73F0A /* Navigator.swift in Sources */ = {isa = PBXBuildFile; fileRef = 9FE452BF274A859F00E73F0A /* Navigator.swift */; };
		9FE452C8274A85FB00E73F0A /* NavLink.swift in Sources */ = {isa = PBXBuildFile; fileRef = 9FE452C2274A85FB00E73F0A /* NavLink.swift */; };
		9FE452C9274A85FB00E73F0A /* Route.swift in Sources */ = {isa = PBXBuildFile; fileRef = 9FE452C3274A85FB00E73F0A /* Route.swift */; };
		9FE452CA274A85FB00E73F0A /* Navigate.swift in Sources */ = {isa = PBXBuildFile; fileRef = 9FE452C4274A85FB00E73F0A /* Navigate.swift */; };
		9FE452CB274A85FB00E73F0A /* SwitchRoutes.swift in Sources */ = {isa = PBXBuildFile; fileRef = 9FE452C5274A85FB00E73F0A /* SwitchRoutes.swift */; };
		9FE452CC274A85FB00E73F0A /* Router.swift in Sources */ = {isa = PBXBuildFile; fileRef = 9FE452C6274A85FB00E73F0A /* Router.swift */; };
		9FE452CD274A85FB00E73F0A /* utils.swift in Sources */ = {isa = PBXBuildFile; fileRef = 9FE452C7274A85FB00E73F0A /* utils.swift */; };
/* End PBXBuildFile section */

/* Begin PBXFileReference section */
		9F7BC21627507B9200B69744 /* TCAMain.swift */ = {isa = PBXFileReference; lastKnownFileType = sourcecode.swift; path = TCAMain.swift; sourceTree = "<group>"; };
		9F7BC219275087EB00B69744 /* DeepLinkReducer.swift */ = {isa = PBXFileReference; lastKnownFileType = sourcecode.swift; path = DeepLinkReducer.swift; sourceTree = "<group>"; };
		9FE4528E2747823D00E73F0A /* SwiftUIRouterExample.app */ = {isa = PBXFileReference; explicitFileType = wrapper.application; includeInIndex = 0; path = SwiftUIRouterExample.app; sourceTree = BUILT_PRODUCTS_DIR; };
		9FE452912747823D00E73F0A /* AppDelegate.swift */ = {isa = PBXFileReference; lastKnownFileType = sourcecode.swift; path = AppDelegate.swift; sourceTree = "<group>"; };
		9FE452932747823E00E73F0A /* ContentView.swift */ = {isa = PBXFileReference; lastKnownFileType = sourcecode.swift; path = ContentView.swift; sourceTree = "<group>"; };
		9FE452952747823F00E73F0A /* Assets.xcassets */ = {isa = PBXFileReference; lastKnownFileType = folder.assetcatalog; path = Assets.xcassets; sourceTree = "<group>"; };
		9FE452982747823F00E73F0A /* Preview Assets.xcassets */ = {isa = PBXFileReference; lastKnownFileType = folder.assetcatalog; path = "Preview Assets.xcassets"; sourceTree = "<group>"; };
		9FE452AB2747866400E73F0A /* RootView.swift */ = {isa = PBXFileReference; lastKnownFileType = sourcecode.swift; path = RootView.swift; sourceTree = "<group>"; };
		9FE452B42748B01700E73F0A /* NavigationTransition.swift */ = {isa = PBXFileReference; lastKnownFileType = sourcecode.swift; path = NavigationTransition.swift; sourceTree = "<group>"; };
		9FE452B627490BF600E73F0A /* StickyHeaderScrollView.swift */ = {isa = PBXFileReference; lastKnownFileType = sourcecode.swift; path = StickyHeaderScrollView.swift; sourceTree = "<group>"; };
		9FE452B9274A232A00E73F0A /* Apple.swift */ = {isa = PBXFileReference; lastKnownFileType = sourcecode.swift; path = Apple.swift; sourceTree = "<group>"; };
		9FE452BA274A232A00E73F0A /* Babel.swift */ = {isa = PBXFileReference; lastKnownFileType = sourcecode.swift; path = Babel.swift; sourceTree = "<group>"; };
		9FE452BB274A232A00E73F0A /* Airbnb.swift */ = {isa = PBXFileReference; lastKnownFileType = sourcecode.swift; path = Airbnb.swift; sourceTree = "<group>"; };
		9FE452BF274A859F00E73F0A /* Navigator.swift */ = {isa = PBXFileReference; lastKnownFileType = sourcecode.swift; path = Navigator.swift; sourceTree = "<group>"; };
		9FE452C2274A85FB00E73F0A /* NavLink.swift */ = {isa = PBXFileReference; fileEncoding = 4; lastKnownFileType = sourcecode.swift; path = NavLink.swift; sourceTree = "<group>"; };
		9FE452C3274A85FB00E73F0A /* Route.swift */ = {isa = PBXFileReference; fileEncoding = 4; lastKnownFileType = sourcecode.swift; path = Route.swift; sourceTree = "<group>"; };
		9FE452C4274A85FB00E73F0A /* Navigate.swift */ = {isa = PBXFileReference; fileEncoding = 4; lastKnownFileType = sourcecode.swift; path = Navigate.swift; sourceTree = "<group>"; };
		9FE452C5274A85FB00E73F0A /* SwitchRoutes.swift */ = {isa = PBXFileReference; fileEncoding = 4; lastKnownFileType = sourcecode.swift; path = SwitchRoutes.swift; sourceTree = "<group>"; };
		9FE452C6274A85FB00E73F0A /* Router.swift */ = {isa = PBXFileReference; fileEncoding = 4; lastKnownFileType = sourcecode.swift; path = Router.swift; sourceTree = "<group>"; };
		9FE452C7274A85FB00E73F0A /* utils.swift */ = {isa = PBXFileReference; fileEncoding = 4; lastKnownFileType = sourcecode.swift; path = utils.swift; sourceTree = "<group>"; };
/* End PBXFileReference section */

/* Begin PBXFrameworksBuildPhase section */
		9FE4528B2747823D00E73F0A /* Frameworks */ = {
			isa = PBXFrameworksBuildPhase;
			buildActionMask = 2147483647;
			files = (
				9FE452A92747837100E73F0A /* ComposableArchitecture in Frameworks */,
				9FE452B327479A4200E73F0A /* SwiftUIRouter in Frameworks */,
			);
			runOnlyForDeploymentPostprocessing = 0;
		};
/* End PBXFrameworksBuildPhase section */

/* Begin PBXGroup section */
		9F7BC21827507B9A00B69744 /* TCA */ = {
			isa = PBXGroup;
			children = (
				9FE452B8274A231600E73F0A /* Views */,
				9F7BC21627507B9200B69744 /* TCAMain.swift */,
				9F7BC219275087EB00B69744 /* DeepLinkReducer.swift */,
			);
			path = TCA;
			sourceTree = "<group>";
		};
		9FE452852747823D00E73F0A = {
			isa = PBXGroup;
			children = (
				9FE452902747823D00E73F0A /* SwiftUIRouterExample */,
				9FE4528F2747823D00E73F0A /* Products */,
			);
			sourceTree = "<group>";
		};
		9FE4528F2747823D00E73F0A /* Products */ = {
			isa = PBXGroup;
			children = (
				9FE4528E2747823D00E73F0A /* SwiftUIRouterExample.app */,
			);
			name = Products;
			sourceTree = "<group>";
		};
		9FE452902747823D00E73F0A /* SwiftUIRouterExample */ = {
			isa = PBXGroup;
			children = (
				9F7BC21827507B9A00B69744 /* TCA */,
				9FE452C1274A85CB00E73F0A /* SwiftUIRouter */,
				9FE452912747823D00E73F0A /* AppDelegate.swift */,
				9FE452AB2747866400E73F0A /* RootView.swift */,
				9FE452932747823E00E73F0A /* ContentView.swift */,
				9FE452952747823F00E73F0A /* Assets.xcassets */,
				9FE452972747823F00E73F0A /* Preview Content */,
				9FE452B42748B01700E73F0A /* NavigationTransition.swift */,
				9FE452B627490BF600E73F0A /* StickyHeaderScrollView.swift */,
			);
			path = SwiftUIRouterExample;
			sourceTree = "<group>";
		};
		9FE452972747823F00E73F0A /* Preview Content */ = {
			isa = PBXGroup;
			children = (
				9FE452982747823F00E73F0A /* Preview Assets.xcassets */,
			);
			path = "Preview Content";
			sourceTree = "<group>";
		};
		9FE452B8274A231600E73F0A /* Views */ = {
			isa = PBXGroup;
			children = (
				9FE452BB274A232A00E73F0A /* Airbnb.swift */,
				9FE452B9274A232A00E73F0A /* Apple.swift */,
				9FE452BA274A232A00E73F0A /* Babel.swift */,
			);
			path = Views;
			sourceTree = "<group>";
		};
		9FE452C1274A85CB00E73F0A /* SwiftUIRouter */ = {
			isa = PBXGroup;
			children = (
				9FE452C4274A85FB00E73F0A /* Navigate.swift */,
				9FE452C2274A85FB00E73F0A /* NavLink.swift */,
				9FE452C3274A85FB00E73F0A /* Route.swift */,
				9FE452C6274A85FB00E73F0A /* Router.swift */,
				9FE452C5274A85FB00E73F0A /* SwitchRoutes.swift */,
				9FE452C7274A85FB00E73F0A /* utils.swift */,
				9FE452BF274A859F00E73F0A /* Navigator.swift */,
			);
			path = SwiftUIRouter;
			sourceTree = "<group>";
		};
/* End PBXGroup section */

/* Begin PBXNativeTarget section */
		9FE4528D2747823D00E73F0A /* SwiftUIRouterExample */ = {
			isa = PBXNativeTarget;
			buildConfigurationList = 9FE4529C2747823F00E73F0A /* Build configuration list for PBXNativeTarget "SwiftUIRouterExample" */;
			buildPhases = (
				9FE4528A2747823D00E73F0A /* Sources */,
				9FE4528B2747823D00E73F0A /* Frameworks */,
				9FE4528C2747823D00E73F0A /* Resources */,
			);
			buildRules = (
			);
			dependencies = (
			);
			name = SwiftUIRouterExample;
			packageProductDependencies = (
				9FE452A82747837100E73F0A /* ComposableArchitecture */,
				9FE452B227479A4200E73F0A /* SwiftUIRouter */,
			);
			productName = SwiftUIRouter;
			productReference = 9FE4528E2747823D00E73F0A /* SwiftUIRouterExample.app */;
			productType = "com.apple.product-type.application";
		};
/* End PBXNativeTarget section */

/* Begin PBXProject section */
		9FE452862747823D00E73F0A /* Project object */ = {
			isa = PBXProject;
			attributes = {
				BuildIndependentTargetsInParallel = 1;
				LastSwiftUpdateCheck = 1310;
				LastUpgradeCheck = 1310;
				TargetAttributes = {
					9FE4528D2747823D00E73F0A = {
						CreatedOnToolsVersion = 13.1;
					};
				};
			};
			buildConfigurationList = 9FE452892747823D00E73F0A /* Build configuration list for PBXProject "SwiftUIRouterExample" */;
			compatibilityVersion = "Xcode 13.0";
			developmentRegion = en;
			hasScannedForEncodings = 0;
			knownRegions = (
				en,
				Base,
			);
			mainGroup = 9FE452852747823D00E73F0A;
			packageReferences = (
				9FE452A72747837100E73F0A /* XCRemoteSwiftPackageReference "swift-composable-architecture" */,
				9FE452B127479A4200E73F0A /* XCRemoteSwiftPackageReference "SwiftUIRouter" */,
			);
			productRefGroup = 9FE4528F2747823D00E73F0A /* Products */;
			projectDirPath = "";
			projectRoot = "";
			targets = (
				9FE4528D2747823D00E73F0A /* SwiftUIRouterExample */,
			);
		};
/* End PBXProject section */

/* Begin PBXResourcesBuildPhase section */
		9FE4528C2747823D00E73F0A /* Resources */ = {
			isa = PBXResourcesBuildPhase;
			buildActionMask = 2147483647;
			files = (
				9FE452992747823F00E73F0A /* Preview Assets.xcassets in Resources */,
				9FE452962747823F00E73F0A /* Assets.xcassets in Resources */,
			);
			runOnlyForDeploymentPostprocessing = 0;
		};
/* End PBXResourcesBuildPhase section */

/* Begin PBXSourcesBuildPhase section */
		9FE4528A2747823D00E73F0A /* Sources */ = {
			isa = PBXSourcesBuildPhase;
			buildActionMask = 2147483647;
			files = (
				9FE452CB274A85FB00E73F0A /* SwitchRoutes.swift in Sources */,
				9FE452B727490BF600E73F0A /* StickyHeaderScrollView.swift in Sources */,
				9FE452942747823E00E73F0A /* ContentView.swift in Sources */,
				9FE452CA274A85FB00E73F0A /* Navigate.swift in Sources */,
				9FE452BD274A2C0D00E73F0A /* Airbnb.swift in Sources */,
				9FE452B52748B01700E73F0A /* NavigationTransition.swift in Sources */,
				9FE452C9274A85FB00E73F0A /* Route.swift in Sources */,
				9FE452C0274A859F00E73F0A /* Navigator.swift in Sources */,
				9FE452CD274A85FB00E73F0A /* utils.swift in Sources */,
				9FE452AC2747866400E73F0A /* RootView.swift in Sources */,
				9FE452CC274A85FB00E73F0A /* Router.swift in Sources */,
				9F7BC21727507B9200B69744 /* TCAMain.swift in Sources */,
				9FE452BE274A2C0D00E73F0A /* Babel.swift in Sources */,
				9FE452BC274A2C0D00E73F0A /* Apple.swift in Sources */,
				9FE452C8274A85FB00E73F0A /* NavLink.swift in Sources */,
				9F7BC21A275087EB00B69744 /* DeepLinkReducer.swift in Sources */,
				9FE452922747823D00E73F0A /* AppDelegate.swift in Sources */,
			);
			runOnlyForDeploymentPostprocessing = 0;
		};
/* End PBXSourcesBuildPhase section */

/* Begin XCBuildConfiguration section */
		9FE4529A2747823F00E73F0A /* Debug */ = {
			isa = XCBuildConfiguration;
			buildSettings = {
				ALWAYS_SEARCH_USER_PATHS = NO;
				CLANG_ANALYZER_NONNULL = YES;
				CLANG_ANALYZER_NUMBER_OBJECT_CONVERSION = YES_AGGRESSIVE;
				CLANG_CXX_LANGUAGE_STANDARD = "gnu++17";
				CLANG_CXX_LIBRARY = "libc++";
				CLANG_ENABLE_MODULES = YES;
				CLANG_ENABLE_OBJC_ARC = YES;
				CLANG_ENABLE_OBJC_WEAK = YES;
				CLANG_WARN_BLOCK_CAPTURE_AUTORELEASING = YES;
				CLANG_WARN_BOOL_CONVERSION = YES;
				CLANG_WARN_COMMA = YES;
				CLANG_WARN_CONSTANT_CONVERSION = YES;
				CLANG_WARN_DEPRECATED_OBJC_IMPLEMENTATIONS = YES;
				CLANG_WARN_DIRECT_OBJC_ISA_USAGE = YES_ERROR;
				CLANG_WARN_DOCUMENTATION_COMMENTS = YES;
				CLANG_WARN_EMPTY_BODY = YES;
				CLANG_WARN_ENUM_CONVERSION = YES;
				CLANG_WARN_INFINITE_RECURSION = YES;
				CLANG_WARN_INT_CONVERSION = YES;
				CLANG_WARN_NON_LITERAL_NULL_CONVERSION = YES;
				CLANG_WARN_OBJC_IMPLICIT_RETAIN_SELF = YES;
				CLANG_WARN_OBJC_LITERAL_CONVERSION = YES;
				CLANG_WARN_OBJC_ROOT_CLASS = YES_ERROR;
				CLANG_WARN_QUOTED_INCLUDE_IN_FRAMEWORK_HEADER = YES;
				CLANG_WARN_RANGE_LOOP_ANALYSIS = YES;
				CLANG_WARN_STRICT_PROTOTYPES = YES;
				CLANG_WARN_SUSPICIOUS_MOVE = YES;
				CLANG_WARN_UNGUARDED_AVAILABILITY = YES_AGGRESSIVE;
				CLANG_WARN_UNREACHABLE_CODE = YES;
				CLANG_WARN__DUPLICATE_METHOD_MATCH = YES;
				COPY_PHASE_STRIP = NO;
				DEBUG_INFORMATION_FORMAT = dwarf;
				ENABLE_STRICT_OBJC_MSGSEND = YES;
				ENABLE_TESTABILITY = YES;
				GCC_C_LANGUAGE_STANDARD = gnu11;
				GCC_DYNAMIC_NO_PIC = NO;
				GCC_NO_COMMON_BLOCKS = YES;
				GCC_OPTIMIZATION_LEVEL = 0;
				GCC_PREPROCESSOR_DEFINITIONS = (
					"DEBUG=1",
					"$(inherited)",
				);
				GCC_WARN_64_TO_32_BIT_CONVERSION = YES;
				GCC_WARN_ABOUT_RETURN_TYPE = YES_ERROR;
				GCC_WARN_UNDECLARED_SELECTOR = YES;
				GCC_WARN_UNINITIALIZED_AUTOS = YES_AGGRESSIVE;
				GCC_WARN_UNUSED_FUNCTION = YES;
				GCC_WARN_UNUSED_VARIABLE = YES;
				IPHONEOS_DEPLOYMENT_TARGET = 14.0;
				MTL_ENABLE_DEBUG_INFO = INCLUDE_SOURCE;
				MTL_FAST_MATH = YES;
				ONLY_ACTIVE_ARCH = YES;
				SDKROOT = iphoneos;
				SWIFT_ACTIVE_COMPILATION_CONDITIONS = DEBUG;
				SWIFT_OPTIMIZATION_LEVEL = "-Onone";
			};
			name = Debug;
		};
		9FE4529B2747823F00E73F0A /* Release */ = {
			isa = XCBuildConfiguration;
			buildSettings = {
				ALWAYS_SEARCH_USER_PATHS = NO;
				CLANG_ANALYZER_NONNULL = YES;
				CLANG_ANALYZER_NUMBER_OBJECT_CONVERSION = YES_AGGRESSIVE;
				CLANG_CXX_LANGUAGE_STANDARD = "gnu++17";
				CLANG_CXX_LIBRARY = "libc++";
				CLANG_ENABLE_MODULES = YES;
				CLANG_ENABLE_OBJC_ARC = YES;
				CLANG_ENABLE_OBJC_WEAK = YES;
				CLANG_WARN_BLOCK_CAPTURE_AUTORELEASING = YES;
				CLANG_WARN_BOOL_CONVERSION = YES;
				CLANG_WARN_COMMA = YES;
				CLANG_WARN_CONSTANT_CONVERSION = YES;
				CLANG_WARN_DEPRECATED_OBJC_IMPLEMENTATIONS = YES;
				CLANG_WARN_DIRECT_OBJC_ISA_USAGE = YES_ERROR;
				CLANG_WARN_DOCUMENTATION_COMMENTS = YES;
				CLANG_WARN_EMPTY_BODY = YES;
				CLANG_WARN_ENUM_CONVERSION = YES;
				CLANG_WARN_INFINITE_RECURSION = YES;
				CLANG_WARN_INT_CONVERSION = YES;
				CLANG_WARN_NON_LITERAL_NULL_CONVERSION = YES;
				CLANG_WARN_OBJC_IMPLICIT_RETAIN_SELF = YES;
				CLANG_WARN_OBJC_LITERAL_CONVERSION = YES;
				CLANG_WARN_OBJC_ROOT_CLASS = YES_ERROR;
				CLANG_WARN_QUOTED_INCLUDE_IN_FRAMEWORK_HEADER = YES;
				CLANG_WARN_RANGE_LOOP_ANALYSIS = YES;
				CLANG_WARN_STRICT_PROTOTYPES = YES;
				CLANG_WARN_SUSPICIOUS_MOVE = YES;
				CLANG_WARN_UNGUARDED_AVAILABILITY = YES_AGGRESSIVE;
				CLANG_WARN_UNREACHABLE_CODE = YES;
				CLANG_WARN__DUPLICATE_METHOD_MATCH = YES;
				COPY_PHASE_STRIP = NO;
				DEBUG_INFORMATION_FORMAT = "dwarf-with-dsym";
				ENABLE_NS_ASSERTIONS = NO;
				ENABLE_STRICT_OBJC_MSGSEND = YES;
				GCC_C_LANGUAGE_STANDARD = gnu11;
				GCC_NO_COMMON_BLOCKS = YES;
				GCC_WARN_64_TO_32_BIT_CONVERSION = YES;
				GCC_WARN_ABOUT_RETURN_TYPE = YES_ERROR;
				GCC_WARN_UNDECLARED_SELECTOR = YES;
				GCC_WARN_UNINITIALIZED_AUTOS = YES_AGGRESSIVE;
				GCC_WARN_UNUSED_FUNCTION = YES;
				GCC_WARN_UNUSED_VARIABLE = YES;
				IPHONEOS_DEPLOYMENT_TARGET = 14.0;
				MTL_ENABLE_DEBUG_INFO = NO;
				MTL_FAST_MATH = YES;
				SDKROOT = iphoneos;
				SWIFT_COMPILATION_MODE = wholemodule;
				SWIFT_OPTIMIZATION_LEVEL = "-O";
				VALIDATE_PRODUCT = YES;
			};
			name = Release;
		};
		9FE4529D2747823F00E73F0A /* Debug */ = {
			isa = XCBuildConfiguration;
			buildSettings = {
				ASSETCATALOG_COMPILER_APPICON_NAME = AppIcon;
				ASSETCATALOG_COMPILER_GLOBAL_ACCENT_COLOR_NAME = AccentColor;
				CODE_SIGN_STYLE = Automatic;
				CURRENT_PROJECT_VERSION = 1;
				DEVELOPMENT_ASSET_PATHS = "\"SwiftUIRouterExample/Preview Content\"";
				ENABLE_PREVIEWS = YES;
				GENERATE_INFOPLIST_FILE = YES;
				INFOPLIST_KEY_UIApplicationSceneManifest_Generation = YES;
				INFOPLIST_KEY_UIApplicationSupportsIndirectInputEvents = YES;
				INFOPLIST_KEY_UILaunchScreen_Generation = YES;
				INFOPLIST_KEY_UISupportedInterfaceOrientations_iPad = "UIInterfaceOrientationPortrait UIInterfaceOrientationPortraitUpsideDown UIInterfaceOrientationLandscapeLeft UIInterfaceOrientationLandscapeRight";
				INFOPLIST_KEY_UISupportedInterfaceOrientations_iPhone = "UIInterfaceOrientationPortrait UIInterfaceOrientationLandscapeLeft UIInterfaceOrientationLandscapeRight";
				IPHONEOS_DEPLOYMENT_TARGET = 14.0;
				LD_RUNPATH_SEARCH_PATHS = (
					"$(inherited)",
					"@executable_path/Frameworks",
				);
				MARKETING_VERSION = 1.0;
				PRODUCT_BUNDLE_IDENTIFIER = com.example.SwiftUIRouter;
				PRODUCT_NAME = "$(TARGET_NAME)";
				SWIFT_EMIT_LOC_STRINGS = YES;
				SWIFT_VERSION = 5.0;
				TARGETED_DEVICE_FAMILY = "1,2";
			};
			name = Debug;
		};
		9FE4529E2747823F00E73F0A /* Release */ = {
			isa = XCBuildConfiguration;
			buildSettings = {
				ASSETCATALOG_COMPILER_APPICON_NAME = AppIcon;
				ASSETCATALOG_COMPILER_GLOBAL_ACCENT_COLOR_NAME = AccentColor;
				CODE_SIGN_STYLE = Automatic;
				CURRENT_PROJECT_VERSION = 1;
				DEVELOPMENT_ASSET_PATHS = "\"SwiftUIRouterExample/Preview Content\"";
				ENABLE_PREVIEWS = YES;
				GENERATE_INFOPLIST_FILE = YES;
				INFOPLIST_KEY_UIApplicationSceneManifest_Generation = YES;
				INFOPLIST_KEY_UIApplicationSupportsIndirectInputEvents = YES;
				INFOPLIST_KEY_UILaunchScreen_Generation = YES;
				INFOPLIST_KEY_UISupportedInterfaceOrientations_iPad = "UIInterfaceOrientationPortrait UIInterfaceOrientationPortraitUpsideDown UIInterfaceOrientationLandscapeLeft UIInterfaceOrientationLandscapeRight";
				INFOPLIST_KEY_UISupportedInterfaceOrientations_iPhone = "UIInterfaceOrientationPortrait UIInterfaceOrientationLandscapeLeft UIInterfaceOrientationLandscapeRight";
				IPHONEOS_DEPLOYMENT_TARGET = 14.0;
				LD_RUNPATH_SEARCH_PATHS = (
					"$(inherited)",
					"@executable_path/Frameworks",
				);
				MARKETING_VERSION = 1.0;
				PRODUCT_BUNDLE_IDENTIFIER = com.example.SwiftUIRouter;
				PRODUCT_NAME = "$(TARGET_NAME)";
				SWIFT_EMIT_LOC_STRINGS = YES;
				SWIFT_VERSION = 5.0;
				TARGETED_DEVICE_FAMILY = "1,2";
			};
			name = Release;
		};
/* End XCBuildConfiguration section */

/* Begin XCConfigurationList section */
		9FE452892747823D00E73F0A /* Build configuration list for PBXProject "SwiftUIRouterExample" */ = {
			isa = XCConfigurationList;
			buildConfigurations = (
				9FE4529A2747823F00E73F0A /* Debug */,
				9FE4529B2747823F00E73F0A /* Release */,
			);
			defaultConfigurationIsVisible = 0;
			defaultConfigurationName = Release;
		};
		9FE4529C2747823F00E73F0A /* Build configuration list for PBXNativeTarget "SwiftUIRouterExample" */ = {
			isa = XCConfigurationList;
			buildConfigurations = (
				9FE4529D2747823F00E73F0A /* Debug */,
				9FE4529E2747823F00E73F0A /* Release */,
			);
			defaultConfigurationIsVisible = 0;
			defaultConfigurationName = Release;
		};
/* End XCConfigurationList section */

/* Begin XCRemoteSwiftPackageReference section */
		9FE452A72747837100E73F0A /* XCRemoteSwiftPackageReference "swift-composable-architecture" */ = {
			isa = XCRemoteSwiftPackageReference;
			repositoryURL = "https://github.com/pointfreeco/swift-composable-architecture.git";
			requirement = {
				kind = upToNextMajorVersion;
				minimumVersion = 0.28.1;
			};
		};
		9FE452B127479A4200E73F0A /* XCRemoteSwiftPackageReference "SwiftUIRouter" */ = {
			isa = XCRemoteSwiftPackageReference;
			repositoryURL = "git@github.com:frzi/SwiftUIRouter.git";
			requirement = {
				kind = upToNextMinorVersion;
				minimumVersion = 1.2.0;
			};
		};
/* End XCRemoteSwiftPackageReference section */

/* Begin XCSwiftPackageProductDependency section */
		9FE452A82747837100E73F0A /* ComposableArchitecture */ = {
			isa = XCSwiftPackageProductDependency;
			package = 9FE452A72747837100E73F0A /* XCRemoteSwiftPackageReference "swift-composable-architecture" */;
			productName = ComposableArchitecture;
		};
		9FE452B227479A4200E73F0A /* SwiftUIRouter */ = {
			isa = XCSwiftPackageProductDependency;
			package = 9FE452B127479A4200E73F0A /* XCRemoteSwiftPackageReference "SwiftUIRouter" */;
			productName = SwiftUIRouter;
		};
/* End XCSwiftPackageProductDependency section */
	};
	rootObject = 9FE452862747823D00E73F0A /* Project object */;
}
